
Microsoft Visual Studio Solution File, Format Version 12.00
# Visual Studio 15
VisualStudioVersion = 15.0.28010.2016
MinimumVisualStudioVersion = 10.0.40219.1
Project("{888888A0-9F3D-457C-B088-3A5042F75D52}") = "FlaskMovieBase", "FlaskMovieBase\FlaskMovieBase.pyproj", "{32CBC7AE-BDFE-42B9-B6D1-B356A42965BA}"
EndProject
Global
	GlobalSection(SolutionConfigurationPlatforms) = preSolution
		Debug|Any CPU = Debug|Any CPU
		Release|Any CPU = Release|Any CPU
	EndGlobalSection
	GlobalSection(ProjectConfigurationPlatforms) = postSolution
		{32CBC7AE-BDFE-42B9-B6D1-B356A42965BA}.Debug|Any CPU.ActiveCfg = Debug|Any CPU
		{32CBC7AE-BDFE-42B9-B6D1-B356A42965BA}.Debug|Any CPU.Build.0 = Debug|Any CPU
		{32CBC7AE-BDFE-42B9-B6D1-B356A42965BA}.Release|Any CPU.ActiveCfg = Release|Any CPU
		{32CBC7AE-BDFE-42B9-B6D1-B356A42965BA}.Release|Any CPU.Build.0 = Release|Any CPU
	EndGlobalSection
	GlobalSection(SolutionProperties) = preSolution
		HideSolutionNode = FALSE
	EndGlobalSection
	GlobalSection(ExtensibilityGlobals) = postSolution
		SolutionGuid = {9657FECF-D9E1-409E-A7CF-F5A52E726C30}
	EndGlobalSection
EndGlobal
